
Microsoft Visual Studio Solution File, Format Version 10.00
# Visual Studio 2008
Project("{FAE04EC0-301F-11D3-BF4B-00C04F79EFBC}") = "OBConnector", "OBConnector\OBConnector.csproj", "{75D83ACC-27BD-45AD-8238-083D23CEA65C}"
EndProject
Project("{FAE04EC0-301F-11D3-BF4B-00C04F79EFBC}") = "InitializeConfig", "InitializeConfig\InitializeConfig.csproj", "{BAA552E6-3FEF-4C24-AC15-7E8C8F16A6E6}"
EndProject
Project("{FAE04EC0-301F-11D3-BF4B-00C04F79EFBC}") = "TestApp", "TestApp\TestApp.csproj", "{586DFA5D-BC36-44E6-A3AF-773D7EB6069C}"
EndProject
Project("{FAE04EC0-301F-11D3-BF4B-00C04F79EFBC}") = "Barcode_Test", "Barcode_Test\Barcode_Test.csproj", "{EFD9F523-8A64-4CEC-A878-53655E546BDF}"
EndProject
Project("{FAE04EC0-301F-11D3-BF4B-00C04F79EFBC}") = "PDF_Test", "PDF_Test\PDF_Test.csproj", "{9D1CF7A9-0A76-4A05-A0B3-1680E0A0B102}"
EndProject
Project("{FAE04EC0-301F-11D3-BF4B-00C04F79EFBC}") = "OnBase_Barcodes", "OnBase_Barcodes\OnBase_Barcodes.csproj", "{A632D752-4483-412A-9E5D-2B8BC5D2E08C}"
EndProject
Project("{FAE04EC0-301F-11D3-BF4B-00C04F79EFBC}") = "RegEx_Test", "RegEx_Test\RegEx_Test.csproj", "{1503AA84-A06F-4268-8AD8-21F937E40FAA}"
EndProject
Global
	GlobalSection(SolutionConfigurationPlatforms) = preSolution
		Debug|Any CPU = Debug|Any CPU
		Release|Any CPU = Release|Any CPU
	EndGlobalSection
	GlobalSection(ProjectConfigurationPlatforms) = postSolution
		{75D83ACC-27BD-45AD-8238-083D23CEA65C}.Debug|Any CPU.ActiveCfg = Debug|Any CPU
		{75D83ACC-27BD-45AD-8238-083D23CEA65C}.Debug|Any CPU.Build.0 = Debug|Any CPU
		{75D83ACC-27BD-45AD-8238-083D23CEA65C}.Release|Any CPU.ActiveCfg = Release|Any CPU
		{75D83ACC-27BD-45AD-8238-083D23CEA65C}.Release|Any CPU.Build.0 = Release|Any CPU
		{BAA552E6-3FEF-4C24-AC15-7E8C8F16A6E6}.Debug|Any CPU.ActiveCfg = Debug|Any CPU
		{BAA552E6-3FEF-4C24-AC15-7E8C8F16A6E6}.Debug|Any CPU.Build.0 = Debug|Any CPU
		{BAA552E6-3FEF-4C24-AC15-7E8C8F16A6E6}.Release|Any CPU.ActiveCfg = Release|Any CPU
		{BAA552E6-3FEF-4C24-AC15-7E8C8F16A6E6}.Release|Any CPU.Build.0 = Release|Any CPU
		{586DFA5D-BC36-44E6-A3AF-773D7EB6069C}.Debug|Any CPU.ActiveCfg = Debug|Any CPU
		{586DFA5D-BC36-44E6-A3AF-773D7EB6069C}.Debug|Any CPU.Build.0 = Debug|Any CPU
		{586DFA5D-BC36-44E6-A3AF-773D7EB6069C}.Release|Any CPU.ActiveCfg = Release|Any CPU
		{586DFA5D-BC36-44E6-A3AF-773D7EB6069C}.Release|Any CPU.Build.0 = Release|Any CPU
		{EFD9F523-8A64-4CEC-A878-53655E546BDF}.Debug|Any CPU.ActiveCfg = Debug|Any CPU
		{EFD9F523-8A64-4CEC-A878-53655E546BDF}.Debug|Any CPU.Build.0 = Debug|Any CPU
		{EFD9F523-8A64-4CEC-A878-53655E546BDF}.Release|Any CPU.ActiveCfg = Release|Any CPU
		{EFD9F523-8A64-4CEC-A878-53655E546BDF}.Release|Any CPU.Build.0 = Release|Any CPU
		{9D1CF7A9-0A76-4A05-A0B3-1680E0A0B102}.Debug|Any CPU.ActiveCfg = Debug|Any CPU
		{9D1CF7A9-0A76-4A05-A0B3-1680E0A0B102}.Debug|Any CPU.Build.0 = Debug|Any CPU
		{9D1CF7A9-0A76-4A05-A0B3-1680E0A0B102}.Release|Any CPU.ActiveCfg = Release|Any CPU
		{9D1CF7A9-0A76-4A05-A0B3-1680E0A0B102}.Release|Any CPU.Build.0 = Release|Any CPU
		{A632D752-4483-412A-9E5D-2B8BC5D2E08C}.Debug|Any CPU.ActiveCfg = Debug|Any CPU
		{A632D752-4483-412A-9E5D-2B8BC5D2E08C}.Debug|Any CPU.Build.0 = Debug|Any CPU
		{A632D752-4483-412A-9E5D-2B8BC5D2E08C}.Release|Any CPU.ActiveCfg = Release|Any CPU
		{A632D752-4483-412A-9E5D-2B8BC5D2E08C}.Release|Any CPU.Build.0 = Release|Any CPU
		{1503AA84-A06F-4268-8AD8-21F937E40FAA}.Debug|Any CPU.ActiveCfg = Debug|Any CPU
		{1503AA84-A06F-4268-8AD8-21F937E40FAA}.Debug|Any CPU.Build.0 = Debug|Any CPU
		{1503AA84-A06F-4268-8AD8-21F937E40FAA}.Release|Any CPU.ActiveCfg = Release|Any CPU
		{1503AA84-A06F-4268-8AD8-21F937E40FAA}.Release|Any CPU.Build.0 = Release|Any CPU
	EndGlobalSection
	GlobalSection(SolutionProperties) = preSolution
		HideSolutionNode = FALSE
	EndGlobalSection
EndGlobal
